
Microsoft Visual Studio Solution File, Format Version 12.00
# Visual Studio 15
VisualStudioVersion = 15.0.27703.2035
MinimumVisualStudioVersion = 10.0.40219.1
Project("{9A19103F-16F7-4668-BE54-9A1E7A4F7556}") = "Books.Console", "Books.Console\Books.Console.csproj", "{4F6FCD28-E666-4FD7-B5E1-89C3C4A40A25}"
EndProject
Project("{FAE04EC0-301F-11D3-BF4B-00C04F79EFBC}") = "Demos", "Demos\Demos.csproj", "{39404B8F-42E2-4940-9E01-FCB494525D1A}"
EndProject
Global
	GlobalSection(SolutionConfigurationPlatforms) = preSolution
		Debug|Any CPU = Debug|Any CPU
		Release|Any CPU = Release|Any CPU
	EndGlobalSection
	GlobalSection(ProjectConfigurationPlatforms) = postSolution
		{4F6FCD28-E666-4FD7-B5E1-89C3C4A40A25}.Debug|Any CPU.ActiveCfg = Debug|Any CPU
		{4F6FCD28-E666-4FD7-B5E1-89C3C4A40A25}.Debug|Any CPU.Build.0 = Debug|Any CPU
		{4F6FCD28-E666-4FD7-B5E1-89C3C4A40A25}.Release|Any CPU.ActiveCfg = Release|Any CPU
		{4F6FCD28-E666-4FD7-B5E1-89C3C4A40A25}.Release|Any CPU.Build.0 = Release|Any CPU
		{39404B8F-42E2-4940-9E01-FCB494525D1A}.Debug|Any CPU.ActiveCfg = Debug|Any CPU
		{39404B8F-42E2-4940-9E01-FCB494525D1A}.Debug|Any CPU.Build.0 = Debug|Any CPU
		{39404B8F-42E2-4940-9E01-FCB494525D1A}.Release|Any CPU.ActiveCfg = Release|Any CPU
		{39404B8F-42E2-4940-9E01-FCB494525D1A}.Release|Any CPU.Build.0 = Release|Any CPU
	EndGlobalSection
	GlobalSection(SolutionProperties) = preSolution
		HideSolutionNode = FALSE
	EndGlobalSection
	GlobalSection(ExtensibilityGlobals) = postSolution
		SolutionGuid = {FC35077A-E48B-47AF-BB6E-1368C539066D}
	EndGlobalSection
EndGlobal
